
Microsoft Visual Studio Solution File, Format Version 12.00
# Visual Studio Version 16
VisualStudioVersion = 16.0.29424.173
MinimumVisualStudioVersion = 10.0.40219.1
Project("{FAE04EC0-301F-11D3-BF4B-00C04F79EFBC}") = "AppMatriculaV5.Android", "AppMatriculaV5\AppMatriculaV5.Android\AppMatriculaV5.Android.csproj", "{18A883AA-B566-4D96-90EA-4B6DBA4C4425}"
EndProject
Project("{FAE04EC0-301F-11D3-BF4B-00C04F79EFBC}") = "AppMatriculaV5.iOS", "AppMatriculaV5\AppMatriculaV5.iOS\AppMatriculaV5.iOS.csproj", "{A9D41C1A-9331-4792-9C24-2B15713D8EA4}"
EndProject
Project("{9A19103F-16F7-4668-BE54-9A1E7A4F7556}") = "AppMatriculaV5", "AppMatriculaV5\AppMatriculaV5\AppMatriculaV5.csproj", "{DF3ACE9D-5308-4543-8586-F7ACA65361D5}"
EndProject
Global
	GlobalSection(SolutionConfigurationPlatforms) = preSolution
		Debug|Any CPU = Debug|Any CPU
		Debug|iPhone = Debug|iPhone
		Debug|iPhoneSimulator = Debug|iPhoneSimulator
		Release|Any CPU = Release|Any CPU
		Release|iPhone = Release|iPhone
		Release|iPhoneSimulator = Release|iPhoneSimulator
	EndGlobalSection
	GlobalSection(ProjectConfigurationPlatforms) = postSolution
		{18A883AA-B566-4D96-90EA-4B6DBA4C4425}.Debug|Any CPU.ActiveCfg = Debug|Any CPU
		{18A883AA-B566-4D96-90EA-4B6DBA4C4425}.Debug|Any CPU.Build.0 = Debug|Any CPU
		{18A883AA-B566-4D96-90EA-4B6DBA4C4425}.Debug|Any CPU.Deploy.0 = Debug|Any CPU
		{18A883AA-B566-4D96-90EA-4B6DBA4C4425}.Debug|iPhone.ActiveCfg = Debug|Any CPU
		{18A883AA-B566-4D96-90EA-4B6DBA4C4425}.Debug|iPhone.Build.0 = Debug|Any CPU
		{18A883AA-B566-4D96-90EA-4B6DBA4C4425}.Debug|iPhone.Deploy.0 = Debug|Any CPU
		{18A883AA-B566-4D96-90EA-4B6DBA4C4425}.Debug|iPhoneSimulator.ActiveCfg = Debug|Any CPU
		{18A883AA-B566-4D96-90EA-4B6DBA4C4425}.Debug|iPhoneSimulator.Build.0 = Debug|Any CPU
		{18A883AA-B566-4D96-90EA-4B6DBA4C4425}.Debug|iPhoneSimulator.Deploy.0 = Debug|Any CPU
		{18A883AA-B566-4D96-90EA-4B6DBA4C4425}.Release|Any CPU.ActiveCfg = Release|Any CPU
		{18A883AA-B566-4D96-90EA-4B6DBA4C4425}.Release|Any CPU.Build.0 = Release|Any CPU
		{18A883AA-B566-4D96-90EA-4B6DBA4C4425}.Release|Any CPU.Deploy.0 = Release|Any CPU
		{18A883AA-B566-4D96-90EA-4B6DBA4C4425}.Release|iPhone.ActiveCfg = Release|Any CPU
		{18A883AA-B566-4D96-90EA-4B6DBA4C4425}.Release|iPhone.Build.0 = Release|Any CPU
		{18A883AA-B566-4D96-90EA-4B6DBA4C4425}.Release|iPhone.Deploy.0 = Release|Any CPU
		{18A883AA-B566-4D96-90EA-4B6DBA4C4425}.Release|iPhoneSimulator.ActiveCfg = Release|Any CPU
		{18A883AA-B566-4D96-90EA-4B6DBA4C4425}.Release|iPhoneSimulator.Build.0 = Release|Any CPU
		{18A883AA-B566-4D96-90EA-4B6DBA4C4425}.Release|iPhoneSimulator.Deploy.0 = Release|Any CPU
		{A9D41C1A-9331-4792-9C24-2B15713D8EA4}.Debug|Any CPU.ActiveCfg = Debug|iPhoneSimulator
		{A9D41C1A-9331-4792-9C24-2B15713D8EA4}.Debug|Any CPU.Build.0 = Debug|iPhoneSimulator
		{A9D41C1A-9331-4792-9C24-2B15713D8EA4}.Debug|Any CPU.Deploy.0 = Debug|iPhoneSimulator
		{A9D41C1A-9331-4792-9C24-2B15713D8EA4}.Debug|iPhone.ActiveCfg = Debug|iPhone
		{A9D41C1A-9331-4792-9C24-2B15713D8EA4}.Debug|iPhone.Build.0 = Debug|iPhone
		{A9D41C1A-9331-4792-9C24-2B15713D8EA4}.Debug|iPhone.Deploy.0 = Debug|iPhone
		{A9D41C1A-9331-4792-9C24-2B15713D8EA4}.Debug|iPhoneSimulator.ActiveCfg = Debug|iPhoneSimulator
		{A9D41C1A-9331-4792-9C24-2B15713D8EA4}.Debug|iPhoneSimulator.Build.0 = Debug|iPhoneSimulator
		{A9D41C1A-9331-4792-9C24-2B15713D8EA4}.Debug|iPhoneSimulator.Deploy.0 = Debug|iPhoneSimulator
		{A9D41C1A-9331-4792-9C24-2B15713D8EA4}.Release|Any CPU.ActiveCfg = Release|iPhone
		{A9D41C1A-9331-4792-9C24-2B15713D8EA4}.Release|Any CPU.Build.0 = Release|iPhone
		{A9D41C1A-9331-4792-9C24-2B15713D8EA4}.Release|Any CPU.Deploy.0 = Release|iPhone
		{A9D41C1A-9331-4792-9C24-2B15713D8EA4}.Release|iPhone.ActiveCfg = Release|iPhone
		{A9D41C1A-9331-4792-9C24-2B15713D8EA4}.Release|iPhone.Build.0 = Release|iPhone
		{A9D41C1A-9331-4792-9C24-2B15713D8EA4}.Release|iPhone.Deploy.0 = Release|iPhone
		{A9D41C1A-9331-4792-9C24-2B15713D8EA4}.Release|iPhoneSimulator.ActiveCfg = Release|iPhoneSimulator
		{A9D41C1A-9331-4792-9C24-2B15713D8EA4}.Release|iPhoneSimulator.Build.0 = Release|iPhoneSimulator
		{A9D41C1A-9331-4792-9C24-2B15713D8EA4}.Release|iPhoneSimulator.Deploy.0 = Release|iPhoneSimulator
		{DF3ACE9D-5308-4543-8586-F7ACA65361D5}.Debug|Any CPU.ActiveCfg = Debug|Any CPU
		{DF3ACE9D-5308-4543-8586-F7ACA65361D5}.Debug|Any CPU.Build.0 = Debug|Any CPU
		{DF3ACE9D-5308-4543-8586-F7ACA65361D5}.Debug|Any CPU.Deploy.0 = Debug|Any CPU
		{DF3ACE9D-5308-4543-8586-F7ACA65361D5}.Debug|iPhone.ActiveCfg = Debug|Any CPU
		{DF3ACE9D-5308-4543-8586-F7ACA65361D5}.Debug|iPhone.Build.0 = Debug|Any CPU
		{DF3ACE9D-5308-4543-8586-F7ACA65361D5}.Debug|iPhone.Deploy.0 = Debug|Any CPU
		{DF3ACE9D-5308-4543-8586-F7ACA65361D5}.Debug|iPhoneSimulator.ActiveCfg = Debug|Any CPU
		{DF3ACE9D-5308-4543-8586-F7ACA65361D5}.Debug|iPhoneSimulator.Build.0 = Debug|Any CPU
		{DF3ACE9D-5308-4543-8586-F7ACA65361D5}.Debug|iPhoneSimulator.Deploy.0 = Debug|Any CPU
		{DF3ACE9D-5308-4543-8586-F7ACA65361D5}.Release|Any CPU.ActiveCfg = Release|Any CPU
		{DF3ACE9D-5308-4543-8586-F7ACA65361D5}.Release|Any CPU.Build.0 = Release|Any CPU
		{DF3ACE9D-5308-4543-8586-F7ACA65361D5}.Release|Any CPU.Deploy.0 = Release|Any CPU
		{DF3ACE9D-5308-4543-8586-F7ACA65361D5}.Release|iPhone.ActiveCfg = Release|Any CPU
		{DF3ACE9D-5308-4543-8586-F7ACA65361D5}.Release|iPhone.Build.0 = Release|Any CPU
		{DF3ACE9D-5308-4543-8586-F7ACA65361D5}.Release|iPhone.Deploy.0 = Release|Any CPU
		{DF3ACE9D-5308-4543-8586-F7ACA65361D5}.Release|iPhoneSimulator.ActiveCfg = Release|Any CPU
		{DF3ACE9D-5308-4543-8586-F7ACA65361D5}.Release|iPhoneSimulator.Build.0 = Release|Any CPU
		{DF3ACE9D-5308-4543-8586-F7ACA65361D5}.Release|iPhoneSimulator.Deploy.0 = Release|Any CPU
	EndGlobalSection
	GlobalSection(SolutionProperties) = preSolution
		HideSolutionNode = FALSE
	EndGlobalSection
	GlobalSection(ExtensibilityGlobals) = postSolution
		SolutionGuid = {A9A945A7-ADA3-4F2E-9D1D-579839E13C33}
	EndGlobalSection
EndGlobal
